
Microsoft Visual Studio Solution File, Format Version 12.00
Project("{2150E333-8FDC-42A3-9474-1A3956D46DE8}") = "src", "src", "{DACF0C94-2662-4BA8-B257-426BC82451AA}"
EndProject
Project("{FAE04EC0-301F-11D3-BF4B-00C04F79EFBC}") = "Domain", "src\Domain\Domain.csproj", "{8DD296E3-5A9B-4BB5-BED8-113B1C58891A}"
EndProject
Global
	GlobalSection(SolutionConfigurationPlatforms) = preSolution
		Debug|Any CPU = Debug|Any CPU
		Release|Any CPU = Release|Any CPU
	EndGlobalSection
	GlobalSection(NestedProjects) = preSolution
		{8DD296E3-5A9B-4BB5-BED8-113B1C58891A} = {DACF0C94-2662-4BA8-B257-426BC82451AA}
	EndGlobalSection
	GlobalSection(ProjectConfigurationPlatforms) = postSolution
		{8DD296E3-5A9B-4BB5-BED8-113B1C58891A}.Debug|Any CPU.ActiveCfg = Debug|Any CPU
		{8DD296E3-5A9B-4BB5-BED8-113B1C58891A}.Debug|Any CPU.Build.0 = Debug|Any CPU
		{8DD296E3-5A9B-4BB5-BED8-113B1C58891A}.Release|Any CPU.ActiveCfg = Release|Any CPU
		{8DD296E3-5A9B-4BB5-BED8-113B1C58891A}.Release|Any CPU.Build.0 = Release|Any CPU
	EndGlobalSection
EndGlobal
